
Microsoft Visual Studio Solution File, Format Version 12.00
# Visual Studio Version 16
VisualStudioVersion = 16.0.30406.217
MinimumVisualStudioVersion = 10.0.40219.1
Project("{9A19103F-16F7-4668-BE54-9A1E7A4F7556}") = "CodingProblems", "CodingProblems\CodingProblems.csproj", "{165B77C1-5894-4C5F-85AB-305732C537CF}"
EndProject
Project("{FAE04EC0-301F-11D3-BF4B-00C04F79EFBC}") = "CodingProblemsTests", "CodingProblemsTests\CodingProblemsTests.csproj", "{9DF92C1B-C02E-4C24-9050-1DBCACF0F539}"
EndProject
Global
	GlobalSection(SolutionConfigurationPlatforms) = preSolution
		Debug|Any CPU = Debug|Any CPU
		Release|Any CPU = Release|Any CPU
	EndGlobalSection
	GlobalSection(ProjectConfigurationPlatforms) = postSolution
		{165B77C1-5894-4C5F-85AB-305732C537CF}.Debug|Any CPU.ActiveCfg = Debug|Any CPU
		{165B77C1-5894-4C5F-85AB-305732C537CF}.Debug|Any CPU.Build.0 = Debug|Any CPU
		{165B77C1-5894-4C5F-85AB-305732C537CF}.Release|Any CPU.ActiveCfg = Release|Any CPU
		{165B77C1-5894-4C5F-85AB-305732C537CF}.Release|Any CPU.Build.0 = Release|Any CPU
		{9DF92C1B-C02E-4C24-9050-1DBCACF0F539}.Debug|Any CPU.ActiveCfg = Debug|Any CPU
		{9DF92C1B-C02E-4C24-9050-1DBCACF0F539}.Debug|Any CPU.Build.0 = Debug|Any CPU
		{9DF92C1B-C02E-4C24-9050-1DBCACF0F539}.Release|Any CPU.ActiveCfg = Release|Any CPU
		{9DF92C1B-C02E-4C24-9050-1DBCACF0F539}.Release|Any CPU.Build.0 = Release|Any CPU
	EndGlobalSection
	GlobalSection(SolutionProperties) = preSolution
		HideSolutionNode = FALSE
	EndGlobalSection
	GlobalSection(ExtensibilityGlobals) = postSolution
		SolutionGuid = {BF9114C8-1673-4811-94E0-42ED92F0D4AD}
	EndGlobalSection
EndGlobal
